
Microsoft Visual Studio Solution File, Format Version 12.00
# Visual Studio 15
VisualStudioVersion = 15.0.27428.2037
MinimumVisualStudioVersion = 10.0.40219.1
Project("{FAE04EC0-301F-11D3-BF4B-00C04F79EFBC}") = "PudelekParser", "PudelekParser\PudelekParser.csproj", "{BD8CA0D7-C12F-4309-BAC3-E6B73F3BE818}"
EndProject
Project("{FAE04EC0-301F-11D3-BF4B-00C04F79EFBC}") = "ConsoleApp", "ConsoleApp\ConsoleApp.csproj", "{DFF38081-1FA3-400C-9A4D-E5F00E26802F}"
EndProject
Project("{E53339B2-1760-4266-BCC7-CA923CBCF16C}") = "docker-compose", "docker-compose.dcproj", "{3B9E6D95-6C16-4782-B549-E8EF642F3FF0}"
EndProject
Global
	GlobalSection(SolutionConfigurationPlatforms) = preSolution
		Debug|Any CPU = Debug|Any CPU
		Release|Any CPU = Release|Any CPU
	EndGlobalSection
	GlobalSection(ProjectConfigurationPlatforms) = postSolution
		{BD8CA0D7-C12F-4309-BAC3-E6B73F3BE818}.Debug|Any CPU.ActiveCfg = Debug|Any CPU
		{BD8CA0D7-C12F-4309-BAC3-E6B73F3BE818}.Debug|Any CPU.Build.0 = Debug|Any CPU
		{BD8CA0D7-C12F-4309-BAC3-E6B73F3BE818}.Release|Any CPU.ActiveCfg = Release|Any CPU
		{BD8CA0D7-C12F-4309-BAC3-E6B73F3BE818}.Release|Any CPU.Build.0 = Release|Any CPU
		{DFF38081-1FA3-400C-9A4D-E5F00E26802F}.Debug|Any CPU.ActiveCfg = Debug|Any CPU
		{DFF38081-1FA3-400C-9A4D-E5F00E26802F}.Debug|Any CPU.Build.0 = Debug|Any CPU
		{DFF38081-1FA3-400C-9A4D-E5F00E26802F}.Release|Any CPU.ActiveCfg = Release|Any CPU
		{DFF38081-1FA3-400C-9A4D-E5F00E26802F}.Release|Any CPU.Build.0 = Release|Any CPU
		{3B9E6D95-6C16-4782-B549-E8EF642F3FF0}.Debug|Any CPU.ActiveCfg = Debug|Any CPU
		{3B9E6D95-6C16-4782-B549-E8EF642F3FF0}.Debug|Any CPU.Build.0 = Debug|Any CPU
		{3B9E6D95-6C16-4782-B549-E8EF642F3FF0}.Release|Any CPU.ActiveCfg = Release|Any CPU
		{3B9E6D95-6C16-4782-B549-E8EF642F3FF0}.Release|Any CPU.Build.0 = Release|Any CPU
	EndGlobalSection
	GlobalSection(SolutionProperties) = preSolution
		HideSolutionNode = FALSE
	EndGlobalSection
	GlobalSection(ExtensibilityGlobals) = postSolution
		SolutionGuid = {65EAE246-2B68-433E-A423-B13AC08DE0C3}
	EndGlobalSection
EndGlobal
